
Microsoft Visual Studio Solution File, Format Version 12.00
# Visual Studio Version 16
VisualStudioVersion = 16.0.30804.86
MinimumVisualStudioVersion = 10.0.40219.1
Project("{FAE04EC0-301F-11D3-BF4B-00C04F79EFBC}") = "last.rpc", "last.rpc.csproj", "{40F32A86-A9B6-432D-BF10-493D259F67DE}"
EndProject
Global
	GlobalSection(SolutionConfigurationPlatforms) = preSolution
		Debug|Any CPU = Debug|Any CPU
		Debug|x64 = Debug|x64
		Release|Any CPU = Release|Any CPU
		Release|x64 = Release|x64
	EndGlobalSection
	GlobalSection(ProjectConfigurationPlatforms) = postSolution
		{40F32A86-A9B6-432D-BF10-493D259F67DE}.Debug|Any CPU.ActiveCfg = Debug|Any CPU
		{40F32A86-A9B6-432D-BF10-493D259F67DE}.Debug|Any CPU.Build.0 = Debug|Any CPU
		{40F32A86-A9B6-432D-BF10-493D259F67DE}.Debug|x64.ActiveCfg = Debug|x64
		{40F32A86-A9B6-432D-BF10-493D259F67DE}.Debug|x64.Build.0 = Debug|x64
		{40F32A86-A9B6-432D-BF10-493D259F67DE}.Release|Any CPU.ActiveCfg = Release|Any CPU
		{40F32A86-A9B6-432D-BF10-493D259F67DE}.Release|Any CPU.Build.0 = Release|Any CPU
		{40F32A86-A9B6-432D-BF10-493D259F67DE}.Release|x64.ActiveCfg = Release|x64
		{40F32A86-A9B6-432D-BF10-493D259F67DE}.Release|x64.Build.0 = Release|x64
	EndGlobalSection
	GlobalSection(SolutionProperties) = preSolution
		HideSolutionNode = FALSE
	EndGlobalSection
	GlobalSection(ExtensibilityGlobals) = postSolution
		SolutionGuid = {C2C4C237-470C-4AE1-BA59-A5C81728E781}
	EndGlobalSection
EndGlobal
